
Microsoft Visual Studio Solution File, Format Version 12.00
# Visual Studio 2013
VisualStudioVersion = 12.0.31101.0
MinimumVisualStudioVersion = 10.0.40219.1
Project("{FAE04EC0-301F-11D3-BF4B-00C04F79EFBC}") = "MojProgram_Three", "MojProgram_Three\MojProgram_Three.csproj", "{9C48743D-041C-4555-90EC-FE87C2243D75}"
EndProject
Project("{2150E333-8FDC-42A3-9474-1A3956D46DE8}") = "CSharp Glavni Program", "CSharp Glavni Program", "{3DE1ED0D-97CF-4866-9AEF-2494C66E87F2}"
EndProject
Project("{2150E333-8FDC-42A3-9474-1A3956D46DE8}") = "Csharp Basics", "Csharp Basics", "{221C5091-F0D7-4FCB-985A-09C4916646EA}"
EndProject
Project("{2150E333-8FDC-42A3-9474-1A3956D46DE8}") = "Chapter01", "Chapter01", "{EE311D63-0B3C-41A4-9C58-E79FCA3FFC88}"
EndProject
Project("{FAE04EC0-301F-11D3-BF4B-00C04F79EFBC}") = "BibilotekaKoda", "BibilotekaKoda\BibilotekaKoda.csproj", "{6E01EFEC-2E44-4B03-AE5A-CE282C6E60C3}"
EndProject
Global
	GlobalSection(SolutionConfigurationPlatforms) = preSolution
		Debug|Any CPU = Debug|Any CPU
		Release|Any CPU = Release|Any CPU
	EndGlobalSection
	GlobalSection(ProjectConfigurationPlatforms) = postSolution
		{9C48743D-041C-4555-90EC-FE87C2243D75}.Debug|Any CPU.ActiveCfg = Debug|Any CPU
		{9C48743D-041C-4555-90EC-FE87C2243D75}.Debug|Any CPU.Build.0 = Debug|Any CPU
		{9C48743D-041C-4555-90EC-FE87C2243D75}.Release|Any CPU.ActiveCfg = Release|Any CPU
		{9C48743D-041C-4555-90EC-FE87C2243D75}.Release|Any CPU.Build.0 = Release|Any CPU
		{6E01EFEC-2E44-4B03-AE5A-CE282C6E60C3}.Debug|Any CPU.ActiveCfg = Debug|Any CPU
		{6E01EFEC-2E44-4B03-AE5A-CE282C6E60C3}.Debug|Any CPU.Build.0 = Debug|Any CPU
		{6E01EFEC-2E44-4B03-AE5A-CE282C6E60C3}.Release|Any CPU.ActiveCfg = Release|Any CPU
		{6E01EFEC-2E44-4B03-AE5A-CE282C6E60C3}.Release|Any CPU.Build.0 = Release|Any CPU
	EndGlobalSection
	GlobalSection(SolutionProperties) = preSolution
		HideSolutionNode = FALSE
	EndGlobalSection
	GlobalSection(NestedProjects) = preSolution
		{9C48743D-041C-4555-90EC-FE87C2243D75} = {3DE1ED0D-97CF-4866-9AEF-2494C66E87F2}
		{EE311D63-0B3C-41A4-9C58-E79FCA3FFC88} = {221C5091-F0D7-4FCB-985A-09C4916646EA}
		{6E01EFEC-2E44-4B03-AE5A-CE282C6E60C3} = {EE311D63-0B3C-41A4-9C58-E79FCA3FFC88}
	EndGlobalSection
EndGlobal
